
Microsoft Visual Studio Solution File, Format Version 12.00
# Visual Studio Version 17
VisualStudioVersion = 17.8.34330.188
MinimumVisualStudioVersion = 10.0.40219.1
Project("{FAE04EC0-301F-11D3-BF4B-00C04F79EFBC}") = "FolderSync", "FolderSync.csproj", "{4FFC9CF2-5A0D-4040-BF94-1B61BB58A126}"
EndProject
Project("{2150E333-8FDC-42A3-9474-1A3956D46DE8}") = "Solution Items", "Solution Items", "{FAEC57F8-DFEA-42B6-8AE4-C9935BF7D901}"
EndProject
Global
	GlobalSection(SolutionConfigurationPlatforms) = preSolution
		Debug|Any CPU = Debug|Any CPU
		Release|Any CPU = Release|Any CPU
	EndGlobalSection
	GlobalSection(ProjectConfigurationPlatforms) = postSolution
		{4FFC9CF2-5A0D-4040-BF94-1B61BB58A126}.Debug|Any CPU.ActiveCfg = Debug|Any CPU
		{4FFC9CF2-5A0D-4040-BF94-1B61BB58A126}.Debug|Any CPU.Build.0 = Debug|Any CPU
		{4FFC9CF2-5A0D-4040-BF94-1B61BB58A126}.Release|Any CPU.ActiveCfg = Release|Any CPU
		{4FFC9CF2-5A0D-4040-BF94-1B61BB58A126}.Release|Any CPU.Build.0 = Release|Any CPU
	EndGlobalSection
	GlobalSection(SolutionProperties) = preSolution
		HideSolutionNode = FALSE
	EndGlobalSection
	GlobalSection(ExtensibilityGlobals) = postSolution
		SolutionGuid = {B8A8837F-83F3-40F6-A4EA-C3270D7358BD}
	EndGlobalSection
EndGlobal
